
Microsoft Visual Studio Solution File, Format Version 12.00
# Visual Studio Version 16
VisualStudioVersion = 16.0.33027.164
MinimumVisualStudioVersion = 10.0.40219.1
Project("{9A19103F-16F7-4668-BE54-9A1E7A4F7556}") = "API", "API\API.csproj", "{31CC92C0-03A9-4C62-8B87-80C6093D2D93}"
EndProject
Project("{FAE04EC0-301F-11D3-BF4B-00C04F79EFBC}") = "Client", "Client\Client.csproj", "{3A3253A7-79A3-4A82-AD77-9E3B6B441889}"
EndProject
Global
	GlobalSection(SolutionConfigurationPlatforms) = preSolution
		Debug|Any CPU = Debug|Any CPU
		Release|Any CPU = Release|Any CPU
	EndGlobalSection
	GlobalSection(ProjectConfigurationPlatforms) = postSolution
		{31CC92C0-03A9-4C62-8B87-80C6093D2D93}.Debug|Any CPU.ActiveCfg = Debug|Any CPU
		{31CC92C0-03A9-4C62-8B87-80C6093D2D93}.Debug|Any CPU.Build.0 = Debug|Any CPU
		{31CC92C0-03A9-4C62-8B87-80C6093D2D93}.Release|Any CPU.ActiveCfg = Release|Any CPU
		{31CC92C0-03A9-4C62-8B87-80C6093D2D93}.Release|Any CPU.Build.0 = Release|Any CPU
		{3A3253A7-79A3-4A82-AD77-9E3B6B441889}.Debug|Any CPU.ActiveCfg = Debug|Any CPU
		{3A3253A7-79A3-4A82-AD77-9E3B6B441889}.Debug|Any CPU.Build.0 = Debug|Any CPU
		{3A3253A7-79A3-4A82-AD77-9E3B6B441889}.Release|Any CPU.ActiveCfg = Release|Any CPU
		{3A3253A7-79A3-4A82-AD77-9E3B6B441889}.Release|Any CPU.Build.0 = Release|Any CPU
	EndGlobalSection
	GlobalSection(SolutionProperties) = preSolution
		HideSolutionNode = FALSE
	EndGlobalSection
	GlobalSection(ExtensibilityGlobals) = postSolution
		SolutionGuid = {84E92CAB-034E-42EE-AB3F-E2459B885206}
	EndGlobalSection
EndGlobal
